
Microsoft Visual Studio Solution File, Format Version 12.00
# Visual Studio Version 16
VisualStudioVersion = 16.0.31702.278
MinimumVisualStudioVersion = 10.0.40219.1
Project("{2150E333-8FDC-42A3-9474-1A3956D46DE8}") = "Movie.Data", "Movie.Data", "{50353168-4DD5-413A-8748-85C774AF58D5}"
EndProject
Project("{2150E333-8FDC-42A3-9474-1A3956D46DE8}") = "Movie.UI", "Movie.UI", "{DCE85143-960C-42B9-A44D-002D3C67520A}"
EndProject
Project("{2150E333-8FDC-42A3-9474-1A3956D46DE8}") = "Movie.Data.MSSQL", "Movie.Data.MSSQL", "{B6366C66-E3E0-47AD-A368-58AAE0BB7917}"
EndProject
Project("{2150E333-8FDC-42A3-9474-1A3956D46DE8}") = "Movie.Data.MSSQL.Validation", "Movie.Data.MSSQL.Validation", "{051F8022-705E-418B-944D-7DEC857EF1EB}"
EndProject
Project("{2150E333-8FDC-42A3-9474-1A3956D46DE8}") = "Movie.Data.MSSQL.Context", "Movie.Data.MSSQL.Context", "{6848ED39-B0D7-4AEB-A13A-300017A0351B}"
EndProject
Project("{2150E333-8FDC-42A3-9474-1A3956D46DE8}") = "Movie.Data.MSSQL.Entity", "Movie.Data.MSSQL.Entity", "{18C01DBC-2649-4BFA-A96B-3B7602429E16}"
EndProject
Project("{9A19103F-16F7-4668-BE54-9A1E7A4F7556}") = "Movie.Data.MSSQL.Entity", "Movie.Data.MSSQL.Entity\Movie.Data.MSSQL.Entity.csproj", "{E8D712A9-BC31-4D9D-B3F8-CF50D59E2E60}"
EndProject
Project("{9A19103F-16F7-4668-BE54-9A1E7A4F7556}") = "Movie.Data.MSSQL.Entity.Base", "Movie.Data.MSSQL.Entity.Base\Movie.Data.MSSQL.Entity.Base.csproj", "{A9ED2697-7F48-43F1-9DB0-26F4CFBFB23A}"
EndProject
Project("{9A19103F-16F7-4668-BE54-9A1E7A4F7556}") = "Movie.Data.MSSQL.Context.Entityframework", "Movie.Data.MSSQL.Context.Entityframework\Movie.Data.MSSQL.Context.Entityframework.csproj", "{2B194D8A-7845-441B-A853-5769BB48EC04}"
EndProject
Project("{9A19103F-16F7-4668-BE54-9A1E7A4F7556}") = "Movie.Data.MSSQL.Validation", "Movie.Data.MSSQL.Validation\Movie.Data.MSSQL.Validation.csproj", "{1693D281-AB8A-48A1-9FC4-7513CDF90F44}"
EndProject
Project("{2150E333-8FDC-42A3-9474-1A3956D46DE8}") = "Movie.UI.Service.API", "Movie.UI.Service.API", "{9A5CBBC6-F05B-4BF6-BBD6-FBFCE3117540}"
EndProject
Project("{9A19103F-16F7-4668-BE54-9A1E7A4F7556}") = "Movie.UI.Service.API", "Movie.UI.Service.API\Movie.UI.Service.API.csproj", "{4AF2A7B6-CF3A-4CB2-8C5D-055B66BE3BC3}"
EndProject
Project("{2150E333-8FDC-42A3-9474-1A3956D46DE8}") = "Movie.Core", "Movie.Core", "{A4039F8D-7569-4BBA-BE90-6BEED2F2FA66}"
EndProject
Project("{2150E333-8FDC-42A3-9474-1A3956D46DE8}") = "Movie.Core.Data.Entity", "Movie.Core.Data.Entity", "{12B530E3-7C15-463D-9775-029AA2A66CC1}"
EndProject
Project("{9A19103F-16F7-4668-BE54-9A1E7A4F7556}") = "Movie.Core.Data.Entity", "Movie.Core.Data.Entity\Movie.Core.Data.Entity.csproj", "{FE205B4B-CD20-4A21-B1D1-E28D61F95173}"
EndProject
Project("{2150E333-8FDC-42A3-9474-1A3956D46DE8}") = "Movie.Core.Data.Repository", "Movie.Core.Data.Repository", "{B3E1AFEB-DE59-480D-BAA5-5223B78C2ACB}"
EndProject
Project("{9A19103F-16F7-4668-BE54-9A1E7A4F7556}") = "Movie.Core.Data.Repository.Infrastructure", "Movie.Core.Data.Repository.Infrastructure\Movie.Core.Data.Repository.Infrastructure.csproj", "{EAE9E2AF-CA9A-4B4D-A93D-BD77C1FF7615}"
EndProject
Project("{2150E333-8FDC-42A3-9474-1A3956D46DE8}") = "Movie.Business", "Movie.Business", "{7DC645FB-6A0F-4C51-A428-966B1D5CF1A8}"
EndProject
Project("{2150E333-8FDC-42A3-9474-1A3956D46DE8}") = "Movie.Business.Manager", "Movie.Business.Manager", "{1BDFC14D-8E82-49F5-B8FE-20F8069752BE}"
EndProject
Project("{9A19103F-16F7-4668-BE54-9A1E7A4F7556}") = "Movie.Business.Manager", "Movie.Business.Manager\Movie.Business.Manager.csproj", "{430593BF-41B6-4925-B9A8-E6F154FED2A0}"
EndProject
Project("{9A19103F-16F7-4668-BE54-9A1E7A4F7556}") = "Movie.Business.Manager.Infrastructure", "Movie.Business.Manager.Infrastructure\Movie.Business.Manager.Infrastructure.csproj", "{DC662F3A-0250-459B-A7FC-B5F4670BA563}"
EndProject
Project("{9A19103F-16F7-4668-BE54-9A1E7A4F7556}") = "Movie.Business.Manager.Model", "Movie.Business.Manager.Model\Movie.Business.Manager.Model.csproj", "{51F53D8B-5C3B-4690-B7C4-33D772C3B2E7}"
EndProject
Project("{2150E333-8FDC-42A3-9474-1A3956D46DE8}") = "Movie.Data.MSSQL.Repository", "Movie.Data.MSSQL.Repository", "{AE157DC7-7A5D-4D2D-BC99-C2A330858397}"
EndProject
Project("{9A19103F-16F7-4668-BE54-9A1E7A4F7556}") = "Movie.Data.MSSQL.Repository.Infrastructure", "Movie.Data.MSSQL.Repository.Infrastructure\Movie.Data.MSSQL.Repository.Infrastructure.csproj", "{B3A5B94D-B5BF-4F75-98DD-5FBADFFFFC51}"
EndProject
Project("{2150E333-8FDC-42A3-9474-1A3956D46DE8}") = "Movie.Data.MSSQL.Repository.Entityframework", "Movie.Data.MSSQL.Repository.Entityframework", "{34EEEA0B-667B-48B0-9C3C-EA1AE7F787B0}"
EndProject
Project("{9A19103F-16F7-4668-BE54-9A1E7A4F7556}") = "Movie.Data.MSSQL.Repository.Entityframework", "Movie.Data.MSSQL.Repository.Entityframework\Movie.Data.MSSQL.Repository.Entityframework.csproj", "{3C50D4BB-001C-48BD-87AE-D0B067ADE2B2}"
EndProject
Project("{9A19103F-16F7-4668-BE54-9A1E7A4F7556}") = "Movie.Data.MSSQL.Repository.Entityframework.Base", "Movie.Data.MSSQL.Repository.Entityframework.Base\Movie.Data.MSSQL.Repository.Entityframework.Base.csproj", "{BC19FB27-A879-4992-BED7-8D000B810414}"
EndProject
Project("{2150E333-8FDC-42A3-9474-1A3956D46DE8}") = "Movie.Mapper", "Movie.Mapper", "{385D6739-D6E8-45EA-85C0-5A84988C2ECE}"
EndProject
Project("{9A19103F-16F7-4668-BE54-9A1E7A4F7556}") = "Movie.Mapper", "Movie.Mapper\Movie.Mapper.csproj", "{F6B9698E-DD25-4616-9617-EB0D8C3CA091}"
EndProject
Project("{2150E333-8FDC-42A3-9474-1A3956D46DE8}") = "Movie.UI.Model", "Movie.UI.Model", "{F62720C1-553E-44AE-869C-1C19E6E67153}"
EndProject
Project("{9A19103F-16F7-4668-BE54-9A1E7A4F7556}") = "Movie.UI.Model.ViewModel", "Movie.UI.Model.ViewModel\Movie.UI.Model.ViewModel.csproj", "{CCACDA78-219D-4A96-B566-C730FE88EA70}"
EndProject
Project("{2150E333-8FDC-42A3-9474-1A3956D46DE8}") = "Movie.Core.Exception", "Movie.Core.Exception", "{4A5A5E8F-4ACC-4FA3-B21D-7C68EB8A5172}"
EndProject
Project("{9A19103F-16F7-4668-BE54-9A1E7A4F7556}") = "Movie.Core.Exception.Base", "Movie.Core.Exception.Base\Movie.Core.Exception.Base.csproj", "{9346FE4C-C7D2-40B1-ADF0-4D32EE7E1DB3}"
EndProject
Project("{9A19103F-16F7-4668-BE54-9A1E7A4F7556}") = "Movie.Core.Exception.BusinessException", "Movie.Core.Exception.BusinessException\Movie.Core.Exception.BusinessException.csproj", "{B02E439B-C4AC-43B0-88D5-E72F36746094}"
EndProject
Project("{9A19103F-16F7-4668-BE54-9A1E7A4F7556}") = "Movie.Core.Exception.DatabaseException", "Movie.Core.Exception.DatabaseException\Movie.Core.Exception.DatabaseException.csproj", "{BB4573C0-94B6-4ACB-A579-EAD135330A28}"
EndProject
Global
	GlobalSection(SolutionConfigurationPlatforms) = preSolution
		Debug|Any CPU = Debug|Any CPU
		Release|Any CPU = Release|Any CPU
	EndGlobalSection
	GlobalSection(ProjectConfigurationPlatforms) = postSolution
		{E8D712A9-BC31-4D9D-B3F8-CF50D59E2E60}.Debug|Any CPU.ActiveCfg = Debug|Any CPU
		{E8D712A9-BC31-4D9D-B3F8-CF50D59E2E60}.Debug|Any CPU.Build.0 = Debug|Any CPU
		{E8D712A9-BC31-4D9D-B3F8-CF50D59E2E60}.Release|Any CPU.ActiveCfg = Release|Any CPU
		{E8D712A9-BC31-4D9D-B3F8-CF50D59E2E60}.Release|Any CPU.Build.0 = Release|Any CPU
		{A9ED2697-7F48-43F1-9DB0-26F4CFBFB23A}.Debug|Any CPU.ActiveCfg = Debug|Any CPU
		{A9ED2697-7F48-43F1-9DB0-26F4CFBFB23A}.Debug|Any CPU.Build.0 = Debug|Any CPU
		{A9ED2697-7F48-43F1-9DB0-26F4CFBFB23A}.Release|Any CPU.ActiveCfg = Release|Any CPU
		{A9ED2697-7F48-43F1-9DB0-26F4CFBFB23A}.Release|Any CPU.Build.0 = Release|Any CPU
		{2B194D8A-7845-441B-A853-5769BB48EC04}.Debug|Any CPU.ActiveCfg = Debug|Any CPU
		{2B194D8A-7845-441B-A853-5769BB48EC04}.Debug|Any CPU.Build.0 = Debug|Any CPU
		{2B194D8A-7845-441B-A853-5769BB48EC04}.Release|Any CPU.ActiveCfg = Release|Any CPU
		{2B194D8A-7845-441B-A853-5769BB48EC04}.Release|Any CPU.Build.0 = Release|Any CPU
		{1693D281-AB8A-48A1-9FC4-7513CDF90F44}.Debug|Any CPU.ActiveCfg = Debug|Any CPU
		{1693D281-AB8A-48A1-9FC4-7513CDF90F44}.Debug|Any CPU.Build.0 = Debug|Any CPU
		{1693D281-AB8A-48A1-9FC4-7513CDF90F44}.Release|Any CPU.ActiveCfg = Release|Any CPU
		{1693D281-AB8A-48A1-9FC4-7513CDF90F44}.Release|Any CPU.Build.0 = Release|Any CPU
		{4AF2A7B6-CF3A-4CB2-8C5D-055B66BE3BC3}.Debug|Any CPU.ActiveCfg = Debug|Any CPU
		{4AF2A7B6-CF3A-4CB2-8C5D-055B66BE3BC3}.Debug|Any CPU.Build.0 = Debug|Any CPU
		{4AF2A7B6-CF3A-4CB2-8C5D-055B66BE3BC3}.Release|Any CPU.ActiveCfg = Release|Any CPU
		{4AF2A7B6-CF3A-4CB2-8C5D-055B66BE3BC3}.Release|Any CPU.Build.0 = Release|Any CPU
		{FE205B4B-CD20-4A21-B1D1-E28D61F95173}.Debug|Any CPU.ActiveCfg = Debug|Any CPU
		{FE205B4B-CD20-4A21-B1D1-E28D61F95173}.Debug|Any CPU.Build.0 = Debug|Any CPU
		{FE205B4B-CD20-4A21-B1D1-E28D61F95173}.Release|Any CPU.ActiveCfg = Release|Any CPU
		{FE205B4B-CD20-4A21-B1D1-E28D61F95173}.Release|Any CPU.Build.0 = Release|Any CPU
		{EAE9E2AF-CA9A-4B4D-A93D-BD77C1FF7615}.Debug|Any CPU.ActiveCfg = Debug|Any CPU
		{EAE9E2AF-CA9A-4B4D-A93D-BD77C1FF7615}.Debug|Any CPU.Build.0 = Debug|Any CPU
		{EAE9E2AF-CA9A-4B4D-A93D-BD77C1FF7615}.Release|Any CPU.ActiveCfg = Release|Any CPU
		{EAE9E2AF-CA9A-4B4D-A93D-BD77C1FF7615}.Release|Any CPU.Build.0 = Release|Any CPU
		{430593BF-41B6-4925-B9A8-E6F154FED2A0}.Debug|Any CPU.ActiveCfg = Debug|Any CPU
		{430593BF-41B6-4925-B9A8-E6F154FED2A0}.Debug|Any CPU.Build.0 = Debug|Any CPU
		{430593BF-41B6-4925-B9A8-E6F154FED2A0}.Release|Any CPU.ActiveCfg = Release|Any CPU
		{430593BF-41B6-4925-B9A8-E6F154FED2A0}.Release|Any CPU.Build.0 = Release|Any CPU
		{DC662F3A-0250-459B-A7FC-B5F4670BA563}.Debug|Any CPU.ActiveCfg = Debug|Any CPU
		{DC662F3A-0250-459B-A7FC-B5F4670BA563}.Debug|Any CPU.Build.0 = Debug|Any CPU
		{DC662F3A-0250-459B-A7FC-B5F4670BA563}.Release|Any CPU.ActiveCfg = Release|Any CPU
		{DC662F3A-0250-459B-A7FC-B5F4670BA563}.Release|Any CPU.Build.0 = Release|Any CPU
		{51F53D8B-5C3B-4690-B7C4-33D772C3B2E7}.Debug|Any CPU.ActiveCfg = Debug|Any CPU
		{51F53D8B-5C3B-4690-B7C4-33D772C3B2E7}.Debug|Any CPU.Build.0 = Debug|Any CPU
		{51F53D8B-5C3B-4690-B7C4-33D772C3B2E7}.Release|Any CPU.ActiveCfg = Release|Any CPU
		{51F53D8B-5C3B-4690-B7C4-33D772C3B2E7}.Release|Any CPU.Build.0 = Release|Any CPU
		{B3A5B94D-B5BF-4F75-98DD-5FBADFFFFC51}.Debug|Any CPU.ActiveCfg = Debug|Any CPU
		{B3A5B94D-B5BF-4F75-98DD-5FBADFFFFC51}.Debug|Any CPU.Build.0 = Debug|Any CPU
		{B3A5B94D-B5BF-4F75-98DD-5FBADFFFFC51}.Release|Any CPU.ActiveCfg = Release|Any CPU
		{B3A5B94D-B5BF-4F75-98DD-5FBADFFFFC51}.Release|Any CPU.Build.0 = Release|Any CPU
		{3C50D4BB-001C-48BD-87AE-D0B067ADE2B2}.Debug|Any CPU.ActiveCfg = Debug|Any CPU
		{3C50D4BB-001C-48BD-87AE-D0B067ADE2B2}.Debug|Any CPU.Build.0 = Debug|Any CPU
		{3C50D4BB-001C-48BD-87AE-D0B067ADE2B2}.Release|Any CPU.ActiveCfg = Release|Any CPU
		{3C50D4BB-001C-48BD-87AE-D0B067ADE2B2}.Release|Any CPU.Build.0 = Release|Any CPU
		{BC19FB27-A879-4992-BED7-8D000B810414}.Debug|Any CPU.ActiveCfg = Debug|Any CPU
		{BC19FB27-A879-4992-BED7-8D000B810414}.Debug|Any CPU.Build.0 = Debug|Any CPU
		{BC19FB27-A879-4992-BED7-8D000B810414}.Release|Any CPU.ActiveCfg = Release|Any CPU
		{BC19FB27-A879-4992-BED7-8D000B810414}.Release|Any CPU.Build.0 = Release|Any CPU
		{F6B9698E-DD25-4616-9617-EB0D8C3CA091}.Debug|Any CPU.ActiveCfg = Debug|Any CPU
		{F6B9698E-DD25-4616-9617-EB0D8C3CA091}.Debug|Any CPU.Build.0 = Debug|Any CPU
		{F6B9698E-DD25-4616-9617-EB0D8C3CA091}.Release|Any CPU.ActiveCfg = Release|Any CPU
		{F6B9698E-DD25-4616-9617-EB0D8C3CA091}.Release|Any CPU.Build.0 = Release|Any CPU
		{CCACDA78-219D-4A96-B566-C730FE88EA70}.Debug|Any CPU.ActiveCfg = Debug|Any CPU
		{CCACDA78-219D-4A96-B566-C730FE88EA70}.Debug|Any CPU.Build.0 = Debug|Any CPU
		{CCACDA78-219D-4A96-B566-C730FE88EA70}.Release|Any CPU.ActiveCfg = Release|Any CPU
		{CCACDA78-219D-4A96-B566-C730FE88EA70}.Release|Any CPU.Build.0 = Release|Any CPU
		{9346FE4C-C7D2-40B1-ADF0-4D32EE7E1DB3}.Debug|Any CPU.ActiveCfg = Debug|Any CPU
		{9346FE4C-C7D2-40B1-ADF0-4D32EE7E1DB3}.Debug|Any CPU.Build.0 = Debug|Any CPU
		{9346FE4C-C7D2-40B1-ADF0-4D32EE7E1DB3}.Release|Any CPU.ActiveCfg = Release|Any CPU
		{9346FE4C-C7D2-40B1-ADF0-4D32EE7E1DB3}.Release|Any CPU.Build.0 = Release|Any CPU
		{B02E439B-C4AC-43B0-88D5-E72F36746094}.Debug|Any CPU.ActiveCfg = Debug|Any CPU
		{B02E439B-C4AC-43B0-88D5-E72F36746094}.Debug|Any CPU.Build.0 = Debug|Any CPU
		{B02E439B-C4AC-43B0-88D5-E72F36746094}.Release|Any CPU.ActiveCfg = Release|Any CPU
		{B02E439B-C4AC-43B0-88D5-E72F36746094}.Release|Any CPU.Build.0 = Release|Any CPU
		{BB4573C0-94B6-4ACB-A579-EAD135330A28}.Debug|Any CPU.ActiveCfg = Debug|Any CPU
		{BB4573C0-94B6-4ACB-A579-EAD135330A28}.Debug|Any CPU.Build.0 = Debug|Any CPU
		{BB4573C0-94B6-4ACB-A579-EAD135330A28}.Release|Any CPU.ActiveCfg = Release|Any CPU
		{BB4573C0-94B6-4ACB-A579-EAD135330A28}.Release|Any CPU.Build.0 = Release|Any CPU
	EndGlobalSection
	GlobalSection(SolutionProperties) = preSolution
		HideSolutionNode = FALSE
	EndGlobalSection
	GlobalSection(NestedProjects) = preSolution
		{B6366C66-E3E0-47AD-A368-58AAE0BB7917} = {50353168-4DD5-413A-8748-85C774AF58D5}
		{051F8022-705E-418B-944D-7DEC857EF1EB} = {B6366C66-E3E0-47AD-A368-58AAE0BB7917}
		{6848ED39-B0D7-4AEB-A13A-300017A0351B} = {B6366C66-E3E0-47AD-A368-58AAE0BB7917}
		{18C01DBC-2649-4BFA-A96B-3B7602429E16} = {B6366C66-E3E0-47AD-A368-58AAE0BB7917}
		{E8D712A9-BC31-4D9D-B3F8-CF50D59E2E60} = {18C01DBC-2649-4BFA-A96B-3B7602429E16}
		{A9ED2697-7F48-43F1-9DB0-26F4CFBFB23A} = {18C01DBC-2649-4BFA-A96B-3B7602429E16}
		{2B194D8A-7845-441B-A853-5769BB48EC04} = {6848ED39-B0D7-4AEB-A13A-300017A0351B}
		{1693D281-AB8A-48A1-9FC4-7513CDF90F44} = {051F8022-705E-418B-944D-7DEC857EF1EB}
		{9A5CBBC6-F05B-4BF6-BBD6-FBFCE3117540} = {DCE85143-960C-42B9-A44D-002D3C67520A}
		{4AF2A7B6-CF3A-4CB2-8C5D-055B66BE3BC3} = {9A5CBBC6-F05B-4BF6-BBD6-FBFCE3117540}
		{12B530E3-7C15-463D-9775-029AA2A66CC1} = {A4039F8D-7569-4BBA-BE90-6BEED2F2FA66}
		{FE205B4B-CD20-4A21-B1D1-E28D61F95173} = {12B530E3-7C15-463D-9775-029AA2A66CC1}
		{B3E1AFEB-DE59-480D-BAA5-5223B78C2ACB} = {A4039F8D-7569-4BBA-BE90-6BEED2F2FA66}
		{EAE9E2AF-CA9A-4B4D-A93D-BD77C1FF7615} = {B3E1AFEB-DE59-480D-BAA5-5223B78C2ACB}
		{1BDFC14D-8E82-49F5-B8FE-20F8069752BE} = {7DC645FB-6A0F-4C51-A428-966B1D5CF1A8}
		{430593BF-41B6-4925-B9A8-E6F154FED2A0} = {1BDFC14D-8E82-49F5-B8FE-20F8069752BE}
		{DC662F3A-0250-459B-A7FC-B5F4670BA563} = {1BDFC14D-8E82-49F5-B8FE-20F8069752BE}
		{51F53D8B-5C3B-4690-B7C4-33D772C3B2E7} = {1BDFC14D-8E82-49F5-B8FE-20F8069752BE}
		{AE157DC7-7A5D-4D2D-BC99-C2A330858397} = {B6366C66-E3E0-47AD-A368-58AAE0BB7917}
		{B3A5B94D-B5BF-4F75-98DD-5FBADFFFFC51} = {AE157DC7-7A5D-4D2D-BC99-C2A330858397}
		{34EEEA0B-667B-48B0-9C3C-EA1AE7F787B0} = {AE157DC7-7A5D-4D2D-BC99-C2A330858397}
		{3C50D4BB-001C-48BD-87AE-D0B067ADE2B2} = {34EEEA0B-667B-48B0-9C3C-EA1AE7F787B0}
		{BC19FB27-A879-4992-BED7-8D000B810414} = {34EEEA0B-667B-48B0-9C3C-EA1AE7F787B0}
		{F6B9698E-DD25-4616-9617-EB0D8C3CA091} = {385D6739-D6E8-45EA-85C0-5A84988C2ECE}
		{F62720C1-553E-44AE-869C-1C19E6E67153} = {DCE85143-960C-42B9-A44D-002D3C67520A}
		{CCACDA78-219D-4A96-B566-C730FE88EA70} = {F62720C1-553E-44AE-869C-1C19E6E67153}
		{4A5A5E8F-4ACC-4FA3-B21D-7C68EB8A5172} = {A4039F8D-7569-4BBA-BE90-6BEED2F2FA66}
		{9346FE4C-C7D2-40B1-ADF0-4D32EE7E1DB3} = {4A5A5E8F-4ACC-4FA3-B21D-7C68EB8A5172}
		{B02E439B-C4AC-43B0-88D5-E72F36746094} = {4A5A5E8F-4ACC-4FA3-B21D-7C68EB8A5172}
		{BB4573C0-94B6-4ACB-A579-EAD135330A28} = {4A5A5E8F-4ACC-4FA3-B21D-7C68EB8A5172}
	EndGlobalSection
	GlobalSection(ExtensibilityGlobals) = postSolution
		SolutionGuid = {F297D5B6-8F90-4A3F-A749-E367A56D30CE}
	EndGlobalSection
EndGlobal
